
Microsoft Visual Studio Solution File, Format Version 12.00
# Visual Studio 15
VisualStudioVersion = 15.0.28307.329
MinimumVisualStudioVersion = 10.0.40219.1
Project("{9A19103F-16F7-4668-BE54-9A1E7A4F7556}") = "Communication.DAL", "Communication.DAL\Communication.DAL.csproj", "{567246A2-70C8-4F83-ABB6-6B974E8C306C}"
EndProject
Project("{9A19103F-16F7-4668-BE54-9A1E7A4F7556}") = "Communication.DAL.Test", "Communication.DAL.Test\Communication.DAL.Test.csproj", "{41EE3977-055A-441A-82C2-B9E82572F41D}"
EndProject
Project("{9A19103F-16F7-4668-BE54-9A1E7A4F7556}") = "TestConsoleApp", "TestConsoleApp\TestConsoleApp.csproj", "{DEAC4952-9E29-439A-A032-F44593303258}"
EndProject
Project("{9A19103F-16F7-4668-BE54-9A1E7A4F7556}") = "Communication.BL", "Communication.BL\Communication.BL.csproj", "{42317303-47DF-40C9-9016-E2ED010BB533}"
EndProject
Project("{FAE04EC0-301F-11D3-BF4B-00C04F79EFBC}") = "Communication.App", "Communication.App\Communication.App.csproj", "{2EFF9EDA-3FDB-4900-B0E6-238981E0D413}"
	ProjectSection(ProjectDependencies) = postProject
		{42317303-47DF-40C9-9016-E2ED010BB533} = {42317303-47DF-40C9-9016-E2ED010BB533}
	EndProjectSection
EndProject
Project("{9A19103F-16F7-4668-BE54-9A1E7A4F7556}") = "Communication.BL.Test", "Communication.BL.Test\Communication.BL.Test.csproj", "{D6864878-032B-40A2-8EDE-D0AB7FD011C2}"
EndProject
Global
	GlobalSection(SolutionConfigurationPlatforms) = preSolution
		Debug|Any CPU = Debug|Any CPU
		Release|Any CPU = Release|Any CPU
	EndGlobalSection
	GlobalSection(ProjectConfigurationPlatforms) = postSolution
		{567246A2-70C8-4F83-ABB6-6B974E8C306C}.Debug|Any CPU.ActiveCfg = Debug|Any CPU
		{567246A2-70C8-4F83-ABB6-6B974E8C306C}.Debug|Any CPU.Build.0 = Debug|Any CPU
		{567246A2-70C8-4F83-ABB6-6B974E8C306C}.Release|Any CPU.ActiveCfg = Release|Any CPU
		{567246A2-70C8-4F83-ABB6-6B974E8C306C}.Release|Any CPU.Build.0 = Release|Any CPU
		{41EE3977-055A-441A-82C2-B9E82572F41D}.Debug|Any CPU.ActiveCfg = Debug|Any CPU
		{41EE3977-055A-441A-82C2-B9E82572F41D}.Debug|Any CPU.Build.0 = Debug|Any CPU
		{41EE3977-055A-441A-82C2-B9E82572F41D}.Release|Any CPU.ActiveCfg = Release|Any CPU
		{41EE3977-055A-441A-82C2-B9E82572F41D}.Release|Any CPU.Build.0 = Release|Any CPU
		{DEAC4952-9E29-439A-A032-F44593303258}.Debug|Any CPU.ActiveCfg = Debug|Any CPU
		{DEAC4952-9E29-439A-A032-F44593303258}.Debug|Any CPU.Build.0 = Debug|Any CPU
		{DEAC4952-9E29-439A-A032-F44593303258}.Release|Any CPU.ActiveCfg = Release|Any CPU
		{DEAC4952-9E29-439A-A032-F44593303258}.Release|Any CPU.Build.0 = Release|Any CPU
		{42317303-47DF-40C9-9016-E2ED010BB533}.Debug|Any CPU.ActiveCfg = Debug|Any CPU
		{42317303-47DF-40C9-9016-E2ED010BB533}.Debug|Any CPU.Build.0 = Debug|Any CPU
		{42317303-47DF-40C9-9016-E2ED010BB533}.Release|Any CPU.ActiveCfg = Release|Any CPU
		{42317303-47DF-40C9-9016-E2ED010BB533}.Release|Any CPU.Build.0 = Release|Any CPU
		{2EFF9EDA-3FDB-4900-B0E6-238981E0D413}.Debug|Any CPU.ActiveCfg = Debug|Any CPU
		{2EFF9EDA-3FDB-4900-B0E6-238981E0D413}.Debug|Any CPU.Build.0 = Debug|Any CPU
		{2EFF9EDA-3FDB-4900-B0E6-238981E0D413}.Release|Any CPU.ActiveCfg = Release|Any CPU
		{2EFF9EDA-3FDB-4900-B0E6-238981E0D413}.Release|Any CPU.Build.0 = Release|Any CPU
		{D6864878-032B-40A2-8EDE-D0AB7FD011C2}.Debug|Any CPU.ActiveCfg = Debug|Any CPU
		{D6864878-032B-40A2-8EDE-D0AB7FD011C2}.Debug|Any CPU.Build.0 = Debug|Any CPU
		{D6864878-032B-40A2-8EDE-D0AB7FD011C2}.Release|Any CPU.ActiveCfg = Release|Any CPU
		{D6864878-032B-40A2-8EDE-D0AB7FD011C2}.Release|Any CPU.Build.0 = Release|Any CPU
	EndGlobalSection
	GlobalSection(SolutionProperties) = preSolution
		HideSolutionNode = FALSE
	EndGlobalSection
	GlobalSection(ExtensibilityGlobals) = postSolution
		SolutionGuid = {35F5D78D-AB1B-42DA-8A9A-88792BAD3051}
	EndGlobalSection
EndGlobal
